// !$*UTF8*$!
{
	archiveVersion = 1;
	classes = {
	};
	objectVersion = 50;
	objects = {

/* Begin PBXBuildFile section */
		CA1077C52242AB1D006F64E8 /* UIColor+CustomColors.swift in Sources */ = {isa = PBXBuildFile; fileRef = CA1077C42242AB1D006F64E8 /* UIColor+CustomColors.swift */; };
		CA1077C72242BB06006F64E8 /* MenuViewController.swift in Sources */ = {isa = PBXBuildFile; fileRef = CA1077C62242BB06006F64E8 /* MenuViewController.swift */; };
		CA1077CB2242BCB5006F64E8 /* Meal.swift in Sources */ = {isa = PBXBuildFile; fileRef = CA1077CA2242BCB5006F64E8 /* Meal.swift */; };
		CA1077CD2242BCF1006F64E8 /* WeekDay.swift in Sources */ = {isa = PBXBuildFile; fileRef = CA1077CC2242BCF1006F64E8 /* WeekDay.swift */; };
		CA1077CF2242BD0D006F64E8 /* Nutrition.swift in Sources */ = {isa = PBXBuildFile; fileRef = CA1077CE2242BD0D006F64E8 /* Nutrition.swift */; };
		CA1077D12242C231006F64E8 /* WeekViewController.swift in Sources */ = {isa = PBXBuildFile; fileRef = CA1077D02242C231006F64E8 /* WeekViewController.swift */; };
		CA1077D72242C3AA006F64E8 /* DayCell.swift in Sources */ = {isa = PBXBuildFile; fileRef = CA1077D52242C3AA006F64E8 /* DayCell.swift */; };
		CA1077D82242C3AA006F64E8 /* DayCell.xib in Resources */ = {isa = PBXBuildFile; fileRef = CA1077D62242C3AA006F64E8 /* DayCell.xib */; };
		CA1077DA2242C5CE006F64E8 /* CategoryListViewController.swift in Sources */ = {isa = PBXBuildFile; fileRef = CA1077D92242C5CE006F64E8 /* CategoryListViewController.swift */; };
		CA1077DC2242C629006F64E8 /* MealListViewController.swift in Sources */ = {isa = PBXBuildFile; fileRef = CA1077DB2242C629006F64E8 /* MealListViewController.swift */; };
		CA324B042242982E002DC3C3 /* AppDelegate.swift in Sources */ = {isa = PBXBuildFile; fileRef = CA324B032242982E002DC3C3 /* AppDelegate.swift */; };
		CA324B092242982E002DC3C3 /* Main.storyboard in Resources */ = {isa = PBXBuildFile; fileRef = CA324B072242982E002DC3C3 /* Main.storyboard */; };
		CA324B0B2242982E002DC3C3 /* Assets.xcassets in Resources */ = {isa = PBXBuildFile; fileRef = CA324B0A2242982E002DC3C3 /* Assets.xcassets */; };
		CA324B0E2242982E002DC3C3 /* LaunchScreen.storyboard in Resources */ = {isa = PBXBuildFile; fileRef = CA324B0C2242982E002DC3C3 /* LaunchScreen.storyboard */; };
		CA324B21224299D5002DC3C3 /* MessListViewController.swift in Sources */ = {isa = PBXBuildFile; fileRef = CA324B20224299D5002DC3C3 /* MessListViewController.swift */; };
		CA324B2522429CF8002DC3C3 /* MessCell.swift in Sources */ = {isa = PBXBuildFile; fileRef = CA324B2322429CF8002DC3C3 /* MessCell.swift */; };
		CA324B2622429CF8002DC3C3 /* MessCell.xib in Resources */ = {isa = PBXBuildFile; fileRef = CA324B2422429CF8002DC3C3 /* MessCell.xib */; };
		CA324B282242A148002DC3C3 /* Mess.swift in Sources */ = {isa = PBXBuildFile; fileRef = CA324B272242A148002DC3C3 /* Mess.swift */; };
		CA324B2B2242A424002DC3C3 /* MessDataSource.swift in Sources */ = {isa = PBXBuildFile; fileRef = CA324B2A2242A424002DC3C3 /* MessDataSource.swift */; };
		DED8A7742242C942009FA45A /* ServiceLayer.swift in Sources */ = {isa = PBXBuildFile; fileRef = DED8A7732242C942009FA45A /* ServiceLayer.swift */; };
		DED8A7762242C9BD009FA45A /* UIImage+Loader.swift in Sources */ = {isa = PBXBuildFile; fileRef = DED8A7752242C9BD009FA45A /* UIImage+Loader.swift */; };
		DED8A77B2242CB98009FA45A /* UIView+RoundCorner.swift in Sources */ = {isa = PBXBuildFile; fileRef = DED8A7782242CB98009FA45A /* UIView+RoundCorner.swift */; };
		DED8A77C2242CB98009FA45A /* Main1.storyboard in Resources */ = {isa = PBXBuildFile; fileRef = DED8A7792242CB98009FA45A /* Main1.storyboard */; };
		DED8A77D2242CB98009FA45A /* MealInfoViewController.swift in Sources */ = {isa = PBXBuildFile; fileRef = DED8A77A2242CB98009FA45A /* MealInfoViewController.swift */; };
		DED8A77F2242CBA8009FA45A /* Images.xcassets in Resources */ = {isa = PBXBuildFile; fileRef = DED8A77E2242CBA8009FA45A /* Images.xcassets */; };
		F60703F33E124B55F1EC0388 /* Pods_RxProjectBMSTUHack.framework in Frameworks */ = {isa = PBXBuildFile; fileRef = BD4ACBB935FD909CAE8D4E28 /* Pods_RxProjectBMSTUHack.framework */; };
/* End PBXBuildFile section */

/* Begin PBXFileReference section */
		3ED8FB969BD698EE5DE85F11 /* Pods-RxProjectBMSTUHack.debug.xcconfig */ = {isa = PBXFileReference; includeInIndex = 1; lastKnownFileType = text.xcconfig; name = "Pods-RxProjectBMSTUHack.debug.xcconfig"; path = "Pods/Target Support Files/Pods-RxProjectBMSTUHack/Pods-RxProjectBMSTUHack.debug.xcconfig"; sourceTree = "<group>"; };
		972E8991CBD1F78A4A32A418 /* Pods-RxProjectBMSTUHack.release.xcconfig */ = {isa = PBXFileReference; includeInIndex = 1; lastKnownFileType = text.xcconfig; name = "Pods-RxProjectBMSTUHack.release.xcconfig"; path = "Pods/Target Support Files/Pods-RxProjectBMSTUHack/Pods-RxProjectBMSTUHack.release.xcconfig"; sourceTree = "<group>"; };
		BD4ACBB935FD909CAE8D4E28 /* Pods_RxProjectBMSTUHack.framework */ = {isa = PBXFileReference; explicitFileType = wrapper.framework; includeInIndex = 0; path = Pods_RxProjectBMSTUHack.framework; sourceTree = BUILT_PRODUCTS_DIR; };
		CA1077C42242AB1D006F64E8 /* UIColor+CustomColors.swift */ = {isa = PBXFileReference; lastKnownFileType = sourcecode.swift; path = "UIColor+CustomColors.swift"; sourceTree = "<group>"; };
		CA1077C62242BB06006F64E8 /* MenuViewController.swift */ = {isa = PBXFileReference; lastKnownFileType = sourcecode.swift; path = MenuViewController.swift; sourceTree = "<group>"; };
		CA1077CA2242BCB5006F64E8 /* Meal.swift */ = {isa = PBXFileReference; lastKnownFileType = sourcecode.swift; path = Meal.swift; sourceTree = "<group>"; };
		CA1077CC2242BCF1006F64E8 /* WeekDay.swift */ = {isa = PBXFileReference; lastKnownFileType = sourcecode.swift; path = WeekDay.swift; sourceTree = "<group>"; };
		CA1077CE2242BD0D006F64E8 /* Nutrition.swift */ = {isa = PBXFileReference; lastKnownFileType = sourcecode.swift; path = Nutrition.swift; sourceTree = "<group>"; };
		CA1077D02242C231006F64E8 /* WeekViewController.swift */ = {isa = PBXFileReference; lastKnownFileType = sourcecode.swift; path = WeekViewController.swift; sourceTree = "<group>"; };
		CA1077D52242C3AA006F64E8 /* DayCell.swift */ = {isa = PBXFileReference; lastKnownFileType = sourcecode.swift; path = DayCell.swift; sourceTree = "<group>"; };
		CA1077D62242C3AA006F64E8 /* DayCell.xib */ = {isa = PBXFileReference; lastKnownFileType = file.xib; path = DayCell.xib; sourceTree = "<group>"; };
		CA1077D92242C5CE006F64E8 /* CategoryListViewController.swift */ = {isa = PBXFileReference; lastKnownFileType = sourcecode.swift; path = CategoryListViewController.swift; sourceTree = "<group>"; };
		CA1077DB2242C629006F64E8 /* MealListViewController.swift */ = {isa = PBXFileReference; lastKnownFileType = sourcecode.swift; path = MealListViewController.swift; sourceTree = "<group>"; };
		CA324B002242982E002DC3C3 /* RxProjectBMSTUHack.app */ = {isa = PBXFileReference; explicitFileType = wrapper.application; includeInIndex = 0; path = RxProjectBMSTUHack.app; sourceTree = BUILT_PRODUCTS_DIR; };
		CA324B032242982E002DC3C3 /* AppDelegate.swift */ = {isa = PBXFileReference; lastKnownFileType = sourcecode.swift; path = AppDelegate.swift; sourceTree = "<group>"; };
		CA324B082242982E002DC3C3 /* Base */ = {isa = PBXFileReference; lastKnownFileType = file.storyboard; name = Base; path = Base.lproj/Main.storyboard; sourceTree = "<group>"; };
		CA324B0A2242982E002DC3C3 /* Assets.xcassets */ = {isa = PBXFileReference; lastKnownFileType = folder.assetcatalog; path = Assets.xcassets; sourceTree = "<group>"; };
		CA324B0D2242982E002DC3C3 /* Base */ = {isa = PBXFileReference; lastKnownFileType = file.storyboard; name = Base; path = Base.lproj/LaunchScreen.storyboard; sourceTree = "<group>"; };
		CA324B0F2242982E002DC3C3 /* Info.plist */ = {isa = PBXFileReference; lastKnownFileType = text.plist.xml; path = Info.plist; sourceTree = "<group>"; };
		CA324B20224299D5002DC3C3 /* MessListViewController.swift */ = {isa = PBXFileReference; lastKnownFileType = sourcecode.swift; path = MessListViewController.swift; sourceTree = "<group>"; };
		CA324B2322429CF8002DC3C3 /* MessCell.swift */ = {isa = PBXFileReference; lastKnownFileType = sourcecode.swift; path = MessCell.swift; sourceTree = "<group>"; };
		CA324B2422429CF8002DC3C3 /* MessCell.xib */ = {isa = PBXFileReference; lastKnownFileType = file.xib; path = MessCell.xib; sourceTree = "<group>"; };
		CA324B272242A148002DC3C3 /* Mess.swift */ = {isa = PBXFileReference; lastKnownFileType = sourcecode.swift; path = Mess.swift; sourceTree = "<group>"; };
		CA324B2A2242A424002DC3C3 /* MessDataSource.swift */ = {isa = PBXFileReference; lastKnownFileType = sourcecode.swift; path = MessDataSource.swift; sourceTree = "<group>"; };
		DED8A7732242C942009FA45A /* ServiceLayer.swift */ = {isa = PBXFileReference; lastKnownFileType = sourcecode.swift; path = ServiceLayer.swift; sourceTree = "<group>"; };
		DED8A7752242C9BD009FA45A /* UIImage+Loader.swift */ = {isa = PBXFileReference; lastKnownFileType = sourcecode.swift; path = "UIImage+Loader.swift"; sourceTree = "<group>"; };
		DED8A7782242CB98009FA45A /* UIView+RoundCorner.swift */ = {isa = PBXFileReference; fileEncoding = 4; lastKnownFileType = sourcecode.swift; path = "UIView+RoundCorner.swift"; sourceTree = "<group>"; };
		DED8A7792242CB98009FA45A /* Main1.storyboard */ = {isa = PBXFileReference; fileEncoding = 4; lastKnownFileType = file.storyboard; path = Main1.storyboard; sourceTree = "<group>"; };
		DED8A77A2242CB98009FA45A /* MealInfoViewController.swift */ = {isa = PBXFileReference; fileEncoding = 4; lastKnownFileType = sourcecode.swift; path = MealInfoViewController.swift; sourceTree = "<group>"; };
		DED8A77E2242CBA8009FA45A /* Images.xcassets */ = {isa = PBXFileReference; lastKnownFileType = folder.assetcatalog; path = Images.xcassets; sourceTree = "<group>"; };
/* End PBXFileReference section */

/* Begin PBXFrameworksBuildPhase section */
		CA324AFD2242982E002DC3C3 /* Frameworks */ = {
			isa = PBXFrameworksBuildPhase;
			buildActionMask = 2147483647;
			files = (
				F60703F33E124B55F1EC0388 /* Pods_RxProjectBMSTUHack.framework in Frameworks */,
			);
			runOnlyForDeploymentPostprocessing = 0;
		};
/* End PBXFrameworksBuildPhase section */

/* Begin PBXGroup section */
		643905D843DE7842F6372FE3 /* Pods */ = {
			isa = PBXGroup;
			children = (
				3ED8FB969BD698EE5DE85F11 /* Pods-RxProjectBMSTUHack.debug.xcconfig */,
				972E8991CBD1F78A4A32A418 /* Pods-RxProjectBMSTUHack.release.xcconfig */,
			);
			name = Pods;
			sourceTree = "<group>";
		};
		CA1077C82242BB0B006F64E8 /* View */ = {
			isa = PBXGroup;
			children = (
				CA1077D42242C37C006F64E8 /* Meal */,
				CA1077D32242C372006F64E8 /* Category */,
				CA1077D22242C36B006F64E8 /* Day */,
			);
			path = View;
			sourceTree = "<group>";
		};
		CA1077C92242BB0F006F64E8 /* ViewController */ = {
			isa = PBXGroup;
			children = (
				CA1077C62242BB06006F64E8 /* MenuViewController.swift */,
				CA1077D02242C231006F64E8 /* WeekViewController.swift */,
				CA1077D92242C5CE006F64E8 /* CategoryListViewController.swift */,
				CA1077DB2242C629006F64E8 /* MealListViewController.swift */,
			);
			path = ViewController;
			sourceTree = "<group>";
		};
		CA1077D22242C36B006F64E8 /* Day */ = {
			isa = PBXGroup;
			children = (
				CA1077D52242C3AA006F64E8 /* DayCell.swift */,
				CA1077D62242C3AA006F64E8 /* DayCell.xib */,
			);
			path = Day;
			sourceTree = "<group>";
		};
		CA1077D32242C372006F64E8 /* Category */ = {
			isa = PBXGroup;
			children = (
			);
			path = Category;
			sourceTree = "<group>";
		};
		CA1077D42242C37C006F64E8 /* Meal */ = {
			isa = PBXGroup;
			children = (
			);
			path = Meal;
			sourceTree = "<group>";
		};
		CA324AF72242982D002DC3C3 = {
			isa = PBXGroup;
			children = (
				CA324B022242982E002DC3C3 /* RxProjectBMSTUHack */,
				CA324B012242982E002DC3C3 /* Products */,
				643905D843DE7842F6372FE3 /* Pods */,
				D18EAECCCDB4E302550004D3 /* Frameworks */,
			);
			sourceTree = "<group>";
		};
		CA324B012242982E002DC3C3 /* Products */ = {
			isa = PBXGroup;
			children = (
				CA324B002242982E002DC3C3 /* RxProjectBMSTUHack.app */,
			);
			name = Products;
			sourceTree = "<group>";
		};
		CA324B022242982E002DC3C3 /* RxProjectBMSTUHack */ = {
			isa = PBXGroup;
			children = (
				CA324B192242987C002DC3C3 /* SupportingFiles */,
				CA324B1822429874002DC3C3 /* Resources */,
				CA324B172242986A002DC3C3 /* Classes */,
				CA324B032242982E002DC3C3 /* AppDelegate.swift */,
			);
			path = RxProjectBMSTUHack;
			sourceTree = "<group>";
		};
		CA324B152242985F002DC3C3 /* ViewController */ = {
			isa = PBXGroup;
			children = (
				CA324B20224299D5002DC3C3 /* MessListViewController.swift */,
			);
			path = ViewController;
			sourceTree = "<group>";
		};
		CA324B1622429866002DC3C3 /* View */ = {
			isa = PBXGroup;
			children = (
				CA324B2222429CDB002DC3C3 /* Cell */,
			);
			path = View;
			sourceTree = "<group>";
		};
		CA324B172242986A002DC3C3 /* Classes */ = {
			isa = PBXGroup;
			children = (
				DED8A7722242C90F009FA45A /* BuisenessLogic */,
				CA324B1C224298CE002DC3C3 /* Model */,
				CA324B1A2242988D002DC3C3 /* Presentation */,
			);
			path = Classes;
			sourceTree = "<group>";
		};
		CA324B1822429874002DC3C3 /* Resources */ = {
			isa = PBXGroup;
			children = (
				DED8A7782242CB98009FA45A /* UIView+RoundCorner.swift */,
				DED8A7752242C9BD009FA45A /* UIImage+Loader.swift */,
				DED8A77E2242CBA8009FA45A /* Images.xcassets */,
				CA324B0C2242982E002DC3C3 /* LaunchScreen.storyboard */,
				CA324B0A2242982E002DC3C3 /* Assets.xcassets */,
				CA1077C42242AB1D006F64E8 /* UIColor+CustomColors.swift */,
			);
			path = Resources;
			sourceTree = "<group>";
		};
		CA324B192242987C002DC3C3 /* SupportingFiles */ = {
			isa = PBXGroup;
			children = (
				CA324B0F2242982E002DC3C3 /* Info.plist */,
			);
			path = SupportingFiles;
			sourceTree = "<group>";
		};
		CA324B1A2242988D002DC3C3 /* Presentation */ = {
			isa = PBXGroup;
			children = (
				DED8A7772242CB79009FA45A /* MealInfo */,
				CA324B1D224298D6002DC3C3 /* Messroom */,
				CA324B1F22429915002DC3C3 /* Menu */,
				CA324B1E22429905002DC3C3 /* MessInfo */,
				CA324B072242982E002DC3C3 /* Main.storyboard */,
			);
			path = Presentation;
			sourceTree = "<group>";
		};
		CA324B1C224298CE002DC3C3 /* Model */ = {
			isa = PBXGroup;
			children = (
				CA324B272242A148002DC3C3 /* Mess.swift */,
				CA1077CA2242BCB5006F64E8 /* Meal.swift */,
				CA1077CC2242BCF1006F64E8 /* WeekDay.swift */,
				CA1077CE2242BD0D006F64E8 /* Nutrition.swift */,
			);
			path = Model;
			sourceTree = "<group>";
		};
		CA324B1D224298D6002DC3C3 /* Messroom */ = {
			isa = PBXGroup;
			children = (
				CA324B292242A414002DC3C3 /* DataSource */,
				CA324B1622429866002DC3C3 /* View */,
				CA324B152242985F002DC3C3 /* ViewController */,
			);
			path = Messroom;
			sourceTree = "<group>";
		};
		CA324B1E22429905002DC3C3 /* MessInfo */ = {
			isa = PBXGroup;
			children = (
			);
			path = MessInfo;
			sourceTree = "<group>";
		};
		CA324B1F22429915002DC3C3 /* Menu */ = {
			isa = PBXGroup;
			children = (
				CA1077C92242BB0F006F64E8 /* ViewController */,
				CA1077C82242BB0B006F64E8 /* View */,
			);
			path = Menu;
			sourceTree = "<group>";
		};
		CA324B2222429CDB002DC3C3 /* Cell */ = {
			isa = PBXGroup;
			children = (
				CA324B2322429CF8002DC3C3 /* MessCell.swift */,
				CA324B2422429CF8002DC3C3 /* MessCell.xib */,
			);
			path = Cell;
			sourceTree = "<group>";
		};
		CA324B292242A414002DC3C3 /* DataSource */ = {
			isa = PBXGroup;
			children = (
				CA324B2A2242A424002DC3C3 /* MessDataSource.swift */,
			);
			path = DataSource;
			sourceTree = "<group>";
		};
		D18EAECCCDB4E302550004D3 /* Frameworks */ = {
			isa = PBXGroup;
			children = (
				BD4ACBB935FD909CAE8D4E28 /* Pods_RxProjectBMSTUHack.framework */,
			);
			name = Frameworks;
			sourceTree = "<group>";
		};
		DED8A7722242C90F009FA45A /* BuisenessLogic */ = {
			isa = PBXGroup;
			children = (
				DED8A7732242C942009FA45A /* ServiceLayer.swift */,
			);
			path = BuisenessLogic;
			sourceTree = "<group>";
		};
		DED8A7772242CB79009FA45A /* MealInfo */ = {
			isa = PBXGroup;
			children = (
				DED8A7792242CB98009FA45A /* Main1.storyboard */,
				DED8A77A2242CB98009FA45A /* MealInfoViewController.swift */,
			);
			path = MealInfo;
			sourceTree = "<group>";
		};
/* End PBXGroup section */

/* Begin PBXNativeTarget section */
		CA324AFF2242982E002DC3C3 /* RxProjectBMSTUHack */ = {
			isa = PBXNativeTarget;
			buildConfigurationList = CA324B122242982E002DC3C3 /* Build configuration list for PBXNativeTarget "RxProjectBMSTUHack" */;
			buildPhases = (
				467CEA0CC4ED72EA0D7F2B09 /* [CP] Check Pods Manifest.lock */,
				CA324AFC2242982E002DC3C3 /* Sources */,
				CA324AFD2242982E002DC3C3 /* Frameworks */,
				CA324AFE2242982E002DC3C3 /* Resources */,
				77956AD83C4AAB630C8FDF36 /* [CP] Embed Pods Frameworks */,
			);
			buildRules = (
			);
			dependencies = (
			);
			name = RxProjectBMSTUHack;
			productName = RxProjectBMSTUHack;
			productReference = CA324B002242982E002DC3C3 /* RxProjectBMSTUHack.app */;
			productType = "com.apple.product-type.application";
		};
/* End PBXNativeTarget section */

/* Begin PBXProject section */
		CA324AF82242982E002DC3C3 /* Project object */ = {
			isa = PBXProject;
			attributes = {
				LastSwiftUpdateCheck = 1010;
				LastUpgradeCheck = 1010;
				ORGANIZATIONNAME = "Кирилл Володин";
				TargetAttributes = {
					CA324AFF2242982E002DC3C3 = {
						CreatedOnToolsVersion = 10.1;
					};
				};
			};
			buildConfigurationList = CA324AFB2242982E002DC3C3 /* Build configuration list for PBXProject "RxProjectBMSTUHack" */;
			compatibilityVersion = "Xcode 9.3";
			developmentRegion = en;
			hasScannedForEncodings = 0;
			knownRegions = (
				en,
				Base,
			);
			mainGroup = CA324AF72242982D002DC3C3;
			productRefGroup = CA324B012242982E002DC3C3 /* Products */;
			projectDirPath = "";
			projectRoot = "";
			targets = (
				CA324AFF2242982E002DC3C3 /* RxProjectBMSTUHack */,
			);
		};
/* End PBXProject section */

/* Begin PBXResourcesBuildPhase section */
		CA324AFE2242982E002DC3C3 /* Resources */ = {
			isa = PBXResourcesBuildPhase;
			buildActionMask = 2147483647;
			files = (
				CA324B0E2242982E002DC3C3 /* LaunchScreen.storyboard in Resources */,
				CA324B2622429CF8002DC3C3 /* MessCell.xib in Resources */,
				DED8A77F2242CBA8009FA45A /* Images.xcassets in Resources */,
				CA324B0B2242982E002DC3C3 /* Assets.xcassets in Resources */,
				CA1077D82242C3AA006F64E8 /* DayCell.xib in Resources */,
				CA324B092242982E002DC3C3 /* Main.storyboard in Resources */,
				DED8A77C2242CB98009FA45A /* Main1.storyboard in Resources */,
			);
			runOnlyForDeploymentPostprocessing = 0;
		};
/* End PBXResourcesBuildPhase section */

/* Begin PBXShellScriptBuildPhase section */
		467CEA0CC4ED72EA0D7F2B09 /* [CP] Check Pods Manifest.lock */ = {
			isa = PBXShellScriptBuildPhase;
			buildActionMask = 2147483647;
			files = (
			);
			inputFileListPaths = (
			);
			inputPaths = (
				"${PODS_PODFILE_DIR_PATH}/Podfile.lock",
				"${PODS_ROOT}/Manifest.lock",
			);
			name = "[CP] Check Pods Manifest.lock";
			outputFileListPaths = (
			);
			outputPaths = (
				"$(DERIVED_FILE_DIR)/Pods-RxProjectBMSTUHack-checkManifestLockResult.txt",
			);
			runOnlyForDeploymentPostprocessing = 0;
			shellPath = /bin/sh;
			shellScript = "diff \"${PODS_PODFILE_DIR_PATH}/Podfile.lock\" \"${PODS_ROOT}/Manifest.lock\" > /dev/null\nif [ $? != 0 ] ; then\n    # print error to STDERR\n    echo \"error: The sandbox is not in sync with the Podfile.lock. Run 'pod install' or update your CocoaPods installation.\" >&2\n    exit 1\nfi\n# This output is used by Xcode 'outputs' to avoid re-running this script phase.\necho \"SUCCESS\" > \"${SCRIPT_OUTPUT_FILE_0}\"\n";
			showEnvVarsInLog = 0;
		};
		77956AD83C4AAB630C8FDF36 /* [CP] Embed Pods Frameworks */ = {
			isa = PBXShellScriptBuildPhase;
			buildActionMask = 2147483647;
			files = (
			);
			inputFileListPaths = (
			);
			inputPaths = (
				"${PODS_ROOT}/Target Support Files/Pods-RxProjectBMSTUHack/Pods-RxProjectBMSTUHack-frameworks.sh",
				"${BUILT_PRODUCTS_DIR}/Charts/Charts.framework",
			);
			name = "[CP] Embed Pods Frameworks";
			outputFileListPaths = (
			);
			outputPaths = (
				"${TARGET_BUILD_DIR}/${FRAMEWORKS_FOLDER_PATH}/Charts.framework",
			);
			runOnlyForDeploymentPostprocessing = 0;
			shellPath = /bin/sh;
			shellScript = "\"${PODS_ROOT}/Target Support Files/Pods-RxProjectBMSTUHack/Pods-RxProjectBMSTUHack-frameworks.sh\"\n";
			showEnvVarsInLog = 0;
		};
/* End PBXShellScriptBuildPhase section */

/* Begin PBXSourcesBuildPhase section */
		CA324AFC2242982E002DC3C3 /* Sources */ = {
			isa = PBXSourcesBuildPhase;
			buildActionMask = 2147483647;
			files = (
				CA1077CD2242BCF1006F64E8 /* WeekDay.swift in Sources */,
				CA1077DA2242C5CE006F64E8 /* CategoryListViewController.swift in Sources */,
				DED8A7762242C9BD009FA45A /* UIImage+Loader.swift in Sources */,
				DED8A77D2242CB98009FA45A /* MealInfoViewController.swift in Sources */,
				CA324B21224299D5002DC3C3 /* MessListViewController.swift in Sources */,
				CA1077CF2242BD0D006F64E8 /* Nutrition.swift in Sources */,
				CA324B2B2242A424002DC3C3 /* MessDataSource.swift in Sources */,
				CA324B282242A148002DC3C3 /* Mess.swift in Sources */,
				CA1077C72242BB06006F64E8 /* MenuViewController.swift in Sources */,
				CA1077DC2242C629006F64E8 /* MealListViewController.swift in Sources */,
				CA1077CB2242BCB5006F64E8 /* Meal.swift in Sources */,
				DED8A77B2242CB98009FA45A /* UIView+RoundCorner.swift in Sources */,
				CA324B042242982E002DC3C3 /* AppDelegate.swift in Sources */,
				DED8A7742242C942009FA45A /* ServiceLayer.swift in Sources */,
				CA1077C52242AB1D006F64E8 /* UIColor+CustomColors.swift in Sources */,
				CA1077D12242C231006F64E8 /* WeekViewController.swift in Sources */,
				CA1077D72242C3AA006F64E8 /* DayCell.swift in Sources */,
				CA324B2522429CF8002DC3C3 /* MessCell.swift in Sources */,
			);
			runOnlyForDeploymentPostprocessing = 0;
		};
/* End PBXSourcesBuildPhase section */

/* Begin PBXVariantGroup section */
		CA324B072242982E002DC3C3 /* Main.storyboard */ = {
			isa = PBXVariantGroup;
			children = (
				CA324B082242982E002DC3C3 /* Base */,
			);
			name = Main.storyboard;
			sourceTree = "<group>";
		};
		CA324B0C2242982E002DC3C3 /* LaunchScreen.storyboard */ = {
			isa = PBXVariantGroup;
			children = (
				CA324B0D2242982E002DC3C3 /* Base */,
			);
			name = LaunchScreen.storyboard;
			sourceTree = "<group>";
		};
/* End PBXVariantGroup section */

/* Begin XCBuildConfiguration section */
		CA324B102242982E002DC3C3 /* Debug */ = {
			isa = XCBuildConfiguration;
			buildSettings = {
				ALWAYS_SEARCH_USER_PATHS = NO;
				CLANG_ANALYZER_NONNULL = YES;
				CLANG_ANALYZER_NUMBER_OBJECT_CONVERSION = YES_AGGRESSIVE;
				CLANG_CXX_LANGUAGE_STANDARD = "gnu++14";
				CLANG_CXX_LIBRARY = "libc++";
				CLANG_ENABLE_MODULES = YES;
				CLANG_ENABLE_OBJC_ARC = YES;
				CLANG_ENABLE_OBJC_WEAK = YES;
				CLANG_WARN_BLOCK_CAPTURE_AUTORELEASING = YES;
				CLANG_WARN_BOOL_CONVERSION = YES;
				CLANG_WARN_COMMA = YES;
				CLANG_WARN_CONSTANT_CONVERSION = YES;
				CLANG_WARN_DEPRECATED_OBJC_IMPLEMENTATIONS = YES;
				CLANG_WARN_DIRECT_OBJC_ISA_USAGE = YES_ERROR;
				CLANG_WARN_DOCUMENTATION_COMMENTS = YES;
				CLANG_WARN_EMPTY_BODY = YES;
				CLANG_WARN_ENUM_CONVERSION = YES;
				CLANG_WARN_INFINITE_RECURSION = YES;
				CLANG_WARN_INT_CONVERSION = YES;
				CLANG_WARN_NON_LITERAL_NULL_CONVERSION = YES;
				CLANG_WARN_OBJC_IMPLICIT_RETAIN_SELF = YES;
				CLANG_WARN_OBJC_LITERAL_CONVERSION = YES;
				CLANG_WARN_OBJC_ROOT_CLASS = YES_ERROR;
				CLANG_WARN_RANGE_LOOP_ANALYSIS = YES;
				CLANG_WARN_STRICT_PROTOTYPES = YES;
				CLANG_WARN_SUSPICIOUS_MOVE = YES;
				CLANG_WARN_UNGUARDED_AVAILABILITY = YES_AGGRESSIVE;
				CLANG_WARN_UNREACHABLE_CODE = YES;
				CLANG_WARN__DUPLICATE_METHOD_MATCH = YES;
				CODE_SIGN_IDENTITY = "iPhone Developer";
				COPY_PHASE_STRIP = NO;
				DEBUG_INFORMATION_FORMAT = dwarf;
				ENABLE_STRICT_OBJC_MSGSEND = YES;
				ENABLE_TESTABILITY = YES;
				GCC_C_LANGUAGE_STANDARD = gnu11;
				GCC_DYNAMIC_NO_PIC = NO;
				GCC_NO_COMMON_BLOCKS = YES;
				GCC_OPTIMIZATION_LEVEL = 0;
				GCC_PREPROCESSOR_DEFINITIONS = (
					"DEBUG=1",
					"$(inherited)",
				);
				GCC_WARN_64_TO_32_BIT_CONVERSION = YES;
				GCC_WARN_ABOUT_RETURN_TYPE = YES_ERROR;
				GCC_WARN_UNDECLARED_SELECTOR = YES;
				GCC_WARN_UNINITIALIZED_AUTOS = YES_AGGRESSIVE;
				GCC_WARN_UNUSED_FUNCTION = YES;
				GCC_WARN_UNUSED_VARIABLE = YES;
				IPHONEOS_DEPLOYMENT_TARGET = 12.1;
				MTL_ENABLE_DEBUG_INFO = INCLUDE_SOURCE;
				MTL_FAST_MATH = YES;
				ONLY_ACTIVE_ARCH = YES;
				SDKROOT = iphoneos;
				SWIFT_ACTIVE_COMPILATION_CONDITIONS = DEBUG;
				SWIFT_OPTIMIZATION_LEVEL = "-Onone";
			};
			name = Debug;
		};
		CA324B112242982E002DC3C3 /* Release */ = {
			isa = XCBuildConfiguration;
			buildSettings = {
				ALWAYS_SEARCH_USER_PATHS = NO;
				CLANG_ANALYZER_NONNULL = YES;
				CLANG_ANALYZER_NUMBER_OBJECT_CONVERSION = YES_AGGRESSIVE;
				CLANG_CXX_LANGUAGE_STANDARD = "gnu++14";
				CLANG_CXX_LIBRARY = "libc++";
				CLANG_ENABLE_MODULES = YES;
				CLANG_ENABLE_OBJC_ARC = YES;
				CLANG_ENABLE_OBJC_WEAK = YES;
				CLANG_WARN_BLOCK_CAPTURE_AUTORELEASING = YES;
				CLANG_WARN_BOOL_CONVERSION = YES;
				CLANG_WARN_COMMA = YES;
				CLANG_WARN_CONSTANT_CONVERSION = YES;
				CLANG_WARN_DEPRECATED_OBJC_IMPLEMENTATIONS = YES;
				CLANG_WARN_DIRECT_OBJC_ISA_USAGE = YES_ERROR;
				CLANG_WARN_DOCUMENTATION_COMMENTS = YES;
				CLANG_WARN_EMPTY_BODY = YES;
				CLANG_WARN_ENUM_CONVERSION = YES;
				CLANG_WARN_INFINITE_RECURSION = YES;
				CLANG_WARN_INT_CONVERSION = YES;
				CLANG_WARN_NON_LITERAL_NULL_CONVERSION = YES;
				CLANG_WARN_OBJC_IMPLICIT_RETAIN_SELF = YES;
				CLANG_WARN_OBJC_LITERAL_CONVERSION = YES;
				CLANG_WARN_OBJC_ROOT_CLASS = YES_ERROR;
				CLANG_WARN_RANGE_LOOP_ANALYSIS = YES;
				CLANG_WARN_STRICT_PROTOTYPES = YES;
				CLANG_WARN_SUSPICIOUS_MOVE = YES;
				CLANG_WARN_UNGUARDED_AVAILABILITY = YES_AGGRESSIVE;
				CLANG_WARN_UNREACHABLE_CODE = YES;
				CLANG_WARN__DUPLICATE_METHOD_MATCH = YES;
				CODE_SIGN_IDENTITY = "iPhone Developer";
				COPY_PHASE_STRIP = NO;
				DEBUG_INFORMATION_FORMAT = "dwarf-with-dsym";
				ENABLE_NS_ASSERTIONS = NO;
				ENABLE_STRICT_OBJC_MSGSEND = YES;
				GCC_C_LANGUAGE_STANDARD = gnu11;
				GCC_NO_COMMON_BLOCKS = YES;
				GCC_WARN_64_TO_32_BIT_CONVERSION = YES;
				GCC_WARN_ABOUT_RETURN_TYPE = YES_ERROR;
				GCC_WARN_UNDECLARED_SELECTOR = YES;
				GCC_WARN_UNINITIALIZED_AUTOS = YES_AGGRESSIVE;
				GCC_WARN_UNUSED_FUNCTION = YES;
				GCC_WARN_UNUSED_VARIABLE = YES;
				IPHONEOS_DEPLOYMENT_TARGET = 12.1;
				MTL_ENABLE_DEBUG_INFO = NO;
				MTL_FAST_MATH = YES;
				SDKROOT = iphoneos;
				SWIFT_COMPILATION_MODE = wholemodule;
				SWIFT_OPTIMIZATION_LEVEL = "-O";
				VALIDATE_PRODUCT = YES;
			};
			name = Release;
		};
		CA324B132242982E002DC3C3 /* Debug */ = {
			isa = XCBuildConfiguration;
			baseConfigurationReference = 3ED8FB969BD698EE5DE85F11 /* Pods-RxProjectBMSTUHack.debug.xcconfig */;
			buildSettings = {
				ASSETCATALOG_COMPILER_APPICON_NAME = AppIcon;
				CODE_SIGN_STYLE = Automatic;
				DEVELOPMENT_TEAM = BZ5C8942NC;
				INFOPLIST_FILE = "$(SRCROOT)/RxProjectBMSTUHack/SupportingFiles/Info.plist";
				IPHONEOS_DEPLOYMENT_TARGET = 10.3;
				LD_RUNPATH_SEARCH_PATHS = (
					"$(inherited)",
					"@executable_path/Frameworks",
				);
				PRODUCT_BUNDLE_IDENTIFIER = BMSTU.RxProjectBMSTUHack;
				PRODUCT_NAME = "$(TARGET_NAME)";
				SWIFT_VERSION = 4.2;
				TARGETED_DEVICE_FAMILY = "1,2";
			};
			name = Debug;
		};
		CA324B142242982E002DC3C3 /* Release */ = {
			isa = XCBuildConfiguration;
			baseConfigurationReference = 972E8991CBD1F78A4A32A418 /* Pods-RxProjectBMSTUHack.release.xcconfig */;
			buildSettings = {
				ASSETCATALOG_COMPILER_APPICON_NAME = AppIcon;
				CODE_SIGN_STYLE = Automatic;
				DEVELOPMENT_TEAM = BZ5C8942NC;
				INFOPLIST_FILE = "$(SRCROOT)/RxProjectBMSTUHack/SupportingFiles/Info.plist";
				IPHONEOS_DEPLOYMENT_TARGET = 10.3;
				LD_RUNPATH_SEARCH_PATHS = (
					"$(inherited)",
					"@executable_path/Frameworks",
				);
				PRODUCT_BUNDLE_IDENTIFIER = BMSTU.RxProjectBMSTUHack;
				PRODUCT_NAME = "$(TARGET_NAME)";
				SWIFT_VERSION = 4.2;
				TARGETED_DEVICE_FAMILY = "1,2";
			};
			name = Release;
		};
/* End XCBuildConfiguration section */

/* Begin XCConfigurationList section */
		CA324AFB2242982E002DC3C3 /* Build configuration list for PBXProject "RxProjectBMSTUHack" */ = {
			isa = XCConfigurationList;
			buildConfigurations = (
				CA324B102242982E002DC3C3 /* Debug */,
				CA324B112242982E002DC3C3 /* Release */,
			);
			defaultConfigurationIsVisible = 0;
			defaultConfigurationName = Release;
		};
		CA324B122242982E002DC3C3 /* Build configuration list for PBXNativeTarget "RxProjectBMSTUHack" */ = {
			isa = XCConfigurationList;
			buildConfigurations = (
				CA324B132242982E002DC3C3 /* Debug */,
				CA324B142242982E002DC3C3 /* Release */,
			);
			defaultConfigurationIsVisible = 0;
			defaultConfigurationName = Release;
		};
/* End XCConfigurationList section */
	};
	rootObject = CA324AF82242982E002DC3C3 /* Project object */;
}
